
Microsoft Visual Studio Solution File, Format Version 12.00
# Visual Studio Version 16
VisualStudioVersion = 16.0.29911.84
MinimumVisualStudioVersion = 10.0.40219.1
Project("{FAE04EC0-301F-11D3-BF4B-00C04F79EFBC}") = "Windows", "Windows\Windows.csproj", "{794A9C1D-6557-4DB0-A8B8-C73C8652EAA1}"
EndProject
Global
	GlobalSection(SolutionConfigurationPlatforms) = preSolution
		Debug|Any CPU = Debug|Any CPU
		Release|Any CPU = Release|Any CPU
	EndGlobalSection
	GlobalSection(ProjectConfigurationPlatforms) = postSolution
		{794A9C1D-6557-4DB0-A8B8-C73C8652EAA1}.Debug|Any CPU.ActiveCfg = Debug|Any CPU
		{794A9C1D-6557-4DB0-A8B8-C73C8652EAA1}.Debug|Any CPU.Build.0 = Debug|Any CPU
		{794A9C1D-6557-4DB0-A8B8-C73C8652EAA1}.Release|Any CPU.ActiveCfg = Release|Any CPU
		{794A9C1D-6557-4DB0-A8B8-C73C8652EAA1}.Release|Any CPU.Build.0 = Release|Any CPU
	EndGlobalSection
	GlobalSection(SolutionProperties) = preSolution
		HideSolutionNode = FALSE
	EndGlobalSection
	GlobalSection(ExtensibilityGlobals) = postSolution
		SolutionGuid = {7FC59AB7-8D1F-433C-AEA5-B3D266955A11}
	EndGlobalSection
EndGlobal
